# THIS IS AN AUTOGENERATED FILE. DO NOT EDIT THIS FILE DIRECTLY.
# yarn lockfile v1


"@pirxpilot/in-groups-of@^1.1.1":
  version "1.1.1"
  resolved "https://registry.yarnpkg.com/@pirxpilot/in-groups-of/-/in-groups-of-1.1.1.tgz#f951813d11643133d28758950f6f9757652525a7"

"@pirxpilot/popover@^1.1.1":
  version "1.1.3"
  resolved "https://registry.yarnpkg.com/@pirxpilot/popover/-/popover-1.1.3.tgz#087b653186ddd50af6c544f535eed313925d324d"
  dependencies:
    code42day-tip "*"
    component-inherit "~0"
    component-query "*"

amdefine@>=0.0.4:
  version "1.0.1"
  resolved "https://registry.yarnpkg.com/amdefine/-/amdefine-1.0.1.tgz#4a5282ac164729e93619bcfd3ad151f817ce91f5"

async@~0.2.6:
  version "0.2.10"
  resolved "https://registry.yarnpkg.com/async/-/async-0.2.10.tgz#b6bbe0b0674b9d719708ca38de8c237cb526c3d1"

balanced-match@^0.4.1:
  version "0.4.2"
  resolved "https://registry.yarnpkg.com/balanced-match/-/balanced-match-0.4.2.tgz#cb3f3e3c732dc0f01ee70b403f302e61d7709838"

bounding-client-rect@^1.0.5:
  version "1.0.5"
  resolved "https://registry.yarnpkg.com/bounding-client-rect/-/bounding-client-rect-1.0.5.tgz#99e2cd2602d07f22ea3beee420534504fd4424cf"
  dependencies:
    get-document "1"

bounds@~1:
  version "1.0.1"
  resolved "https://registry.yarnpkg.com/bounds/-/bounds-1.0.1.tgz#bf4b5eabe414496e78e3a4bbd455779077a6c5e2"
  dependencies:
    clone-component "~0"

brace-expansion@^1.0.0:
  version "1.1.6"
  resolved "https://registry.yarnpkg.com/brace-expansion/-/brace-expansion-1.1.6.tgz#7197d7eaa9b87e648390ea61fc66c84427420df9"
  dependencies:
    balanced-match "^0.4.1"
    concat-map "0.0.1"

camel-case@^1.0.0, camel-case@^1.1.1:
  version "1.2.2"
  resolved "https://registry.yarnpkg.com/camel-case/-/camel-case-1.2.2.tgz#1aca7c4d195359a2ce9955793433c6e5542511f2"
  dependencies:
    sentence-case "^1.1.1"
    upper-case "^1.1.1"

camelcase@^1.0.2:
  version "1.2.1"
  resolved "https://registry.yarnpkg.com/camelcase/-/camelcase-1.2.1.tgz#9bb5304d2e0b56698b2c758b08a3eaa9daa58a39"

change-case@2.1.x:
  version "2.1.6"
  resolved "https://registry.yarnpkg.com/change-case/-/change-case-2.1.6.tgz#514af20513158a68fe7f00dff4c332d6c298d2f9"
  dependencies:
    camel-case "^1.0.0"
    constant-case "^1.0.0"
    dot-case "^1.0.0"
    is-lower-case "^1.0.0"
    is-upper-case "^1.0.0"
    lower-case "^1.0.0"
    param-case "^1.0.0"
    pascal-case "^1.0.0"
    path-case "^1.0.0"
    sentence-case "^1.0.0"
    snake-case "^1.0.0"
    swap-case "^1.0.0"
    title-case "^1.0.0"
    upper-case "^1.0.0"
    upper-case-first "^1.0.0"

clean-css@2.2.x:
  version "2.2.23"
  resolved "https://registry.yarnpkg.com/clean-css/-/clean-css-2.2.23.tgz#0590b5478b516c4903edc2d89bd3fdbdd286328c"
  dependencies:
    commander "2.2.x"

cli@0.6.x:
  version "0.6.6"
  resolved "https://registry.yarnpkg.com/cli/-/cli-0.6.6.tgz#02ad44a380abf27adac5e6f0cdd7b043d74c53e3"
  dependencies:
    exit "0.1.2"
    glob "~ 3.2.1"

cli@~1.0.0:
  version "1.0.1"
  resolved "https://registry.yarnpkg.com/cli/-/cli-1.0.1.tgz#22817534f24bfa4950c34d532d48ecbc621b8c14"
  dependencies:
    exit "0.1.2"
    glob "^7.1.1"

clone-component@~0:
  version "0.2.2"
  resolved "https://registry.yarnpkg.com/clone-component/-/clone-component-0.2.2.tgz#82e56c2e92cd34e7c42b668630c620128fa926ba"
  dependencies:
    component-type "*"

code42day-css@~0:
  version "0.3.1"
  resolved "https://registry.yarnpkg.com/code42day-css/-/code42day-css-0.3.1.tgz#814e2d5de21d424aa18193ca14eb41734980d004"
  dependencies:
    component-type "^1.1.0"
    computed-style-component "^0.1.0"
    to-camel-case "^0.2.1"

code42day-tip@*:
  version "2.5.1"
  resolved "https://registry.yarnpkg.com/code42day-tip/-/code42day-tip-2.5.1.tgz#6623c8b3ccbc1c73fdf1f7a46b92d42f5476ef41"
  dependencies:
    bounding-client-rect "^1.0.5"
    code42day-css "~0"
    component-bind "*"
    component-classes "^1.2.1"
    component-emitter "^1.1.3"
    component-events "^1.0.9"
    component-query "~0"
    domify "^1.3.0"

commander@2.2.x:
  version "2.2.0"
  resolved "https://registry.yarnpkg.com/commander/-/commander-2.2.0.tgz#175ad4b9317f3ff615f201c1e57224f55a3e91df"

component-bind@*:
  version "1.0.0"
  resolved "https://registry.yarnpkg.com/component-bind/-/component-bind-1.0.0.tgz#00c608ab7dcd93897c0009651b1d3a8e1e73bbd1"

component-classes@^1.2.1, component-classes@^1.2.4:
  version "1.2.6"
  resolved "https://registry.yarnpkg.com/component-classes/-/component-classes-1.2.6.tgz#c642394c3618a4d8b0b8919efccbbd930e5cd691"
  dependencies:
    component-indexof "0.0.3"

component-clock@^1.2.1:
  version "1.5.1"
  resolved "https://registry.yarnpkg.com/component-clock/-/component-clock-1.5.1.tgz#caab711b877a5824c8dd545cf35dda98bb955b4d"
  dependencies:
    "@pirxpilot/in-groups-of" "^1.1.1"
    bounds "~1"
    component-classes "^1.2.4"
    component-domify "^1.2.2"
    component-emitter "^1.2.0"
    component-events "^1.0.9"
    dataset "~0"
    el-component "^1.0.0"
    inherits "^2.0.1"
    range-component "^1.0.0"

component-closest@*:
  version "1.0.1"
  resolved "https://registry.yarnpkg.com/component-closest/-/component-closest-1.0.1.tgz#1ed0464132fc88a3510a2dabec079695789fb1b5"
  dependencies:
    component-matches-selector "~0.1.6"

component-delegate@0.2.4:
  version "0.2.4"
  resolved "http://registry.npmjs.org/component-delegate/-/component-delegate-0.2.4.tgz#dc5028759ea681bea84a3d6bbd650207c3beb138"
  dependencies:
    component-closest "*"
    component-event "*"

component-domify@^1.2.2:
  version "1.2.2"
  resolved "https://registry.yarnpkg.com/component-domify/-/component-domify-1.2.2.tgz#2f2d6d5d75e5aad3a34cdf5ff232c181b85e4ed2"

component-emitter@^1.1.2, component-emitter@^1.1.3, component-emitter@^1.2.0:
  version "1.2.1"
  resolved "https://registry.yarnpkg.com/component-emitter/-/component-emitter-1.2.1.tgz#137918d6d78283f7df7a6b7c5a63e140e69425e6"

component-event@*, component-event@0.1.4, component-event@^0.1.3:
  version "0.1.4"
  resolved "https://registry.yarnpkg.com/component-event/-/component-event-0.1.4.tgz#3de78fc28782381787e24bf2a7c536bf0142c9b4"

component-events@^1.0.9:
  version "1.0.10"
  resolved "http://registry.npmjs.org/component-events/-/component-events-1.0.10.tgz#2e96d166f50089a4b7ac72d56e7756ac1b7e8b83"
  dependencies:
    component-delegate "0.2.4"
    component-event "0.1.4"

component-indexof@0.0.3:
  version "0.0.3"
  resolved "https://registry.yarnpkg.com/component-indexof/-/component-indexof-0.0.3.tgz#11d091312239eb8f32c8f25ae9cb002ffe8d3c24"

component-inherit@~0:
  version "0.0.3"
  resolved "https://registry.yarnpkg.com/component-inherit/-/component-inherit-0.0.3.tgz#645fc4adf58b72b649d5cae65135619db26ff143"

component-matches-selector@~0.1.6:
  version "0.1.6"
  resolved "http://registry.npmjs.org/component-matches-selector/-/component-matches-selector-0.1.6.tgz#7b630e04e7e0c3b0019f31749fd70af5ed8b972e"
  dependencies:
    component-query "*"

component-query@*, component-query@~0:
  version "0.0.3"
  resolved "https://registry.yarnpkg.com/component-query/-/component-query-0.0.3.tgz#07f49dab7071fa9606725df53e607f468acdaacf"

component-type@*, component-type@^1.1.0:
  version "1.2.1"
  resolved "https://registry.yarnpkg.com/component-type/-/component-type-1.2.1.tgz#8a47901700238e4fc32269771230226f24b415a9"

computed-style-component@^0.1.0:
  version "0.1.0"
  resolved "https://registry.yarnpkg.com/computed-style-component/-/computed-style-component-0.1.0.tgz#38c2138ec3f108a78eed3163cb6c98a84ddc0a28"

concat-map@0.0.1:
  version "0.0.1"
  resolved "https://registry.yarnpkg.com/concat-map/-/concat-map-0.0.1.tgz#d8a96bd77fd68df7793a73036a3ba0d5405d477b"

console-browserify@1.1.x:
  version "1.1.0"
  resolved "https://registry.yarnpkg.com/console-browserify/-/console-browserify-1.1.0.tgz#f0241c45730a9fc6323b206dbf38edc741d0bb10"
  dependencies:
    date-now "^0.1.4"

constant-case@^1.0.0:
  version "1.1.2"
  resolved "https://registry.yarnpkg.com/constant-case/-/constant-case-1.1.2.tgz#8ec2ca5ba343e00aa38dbf4e200fd5ac907efd63"
  dependencies:
    snake-case "^1.1.0"
    upper-case "^1.1.1"

core-util-is@~1.0.0:
  version "1.0.2"
  resolved "https://registry.yarnpkg.com/core-util-is/-/core-util-is-1.0.2.tgz#b5fd54220aa2bc5ab57aab7140c940754503c1a7"

dataset@~0:
  version "0.3.1"
  resolved "https://registry.yarnpkg.com/dataset/-/dataset-0.3.1.tgz#191ccbf3be6d281a6b3ff4bf0698800bd0367cb7"

date-now@^0.1.4:
  version "0.1.4"
  resolved "https://registry.yarnpkg.com/date-now/-/date-now-0.1.4.tgz#eaf439fd4d4848ad74e5cc7dbef200672b9e345b"

decamelize@^1.0.0:
  version "1.2.0"
  resolved "https://registry.yarnpkg.com/decamelize/-/decamelize-1.2.0.tgz#f6534d15148269b20352e7bee26f501f9a191290"

dom-serializer@0:
  version "0.1.0"
  resolved "https://registry.yarnpkg.com/dom-serializer/-/dom-serializer-0.1.0.tgz#073c697546ce0780ce23be4a28e293e40bc30c82"
  dependencies:
    domelementtype "~1.1.1"
    entities "~1.1.1"

domelementtype@1:
  version "1.3.0"
  resolved "https://registry.yarnpkg.com/domelementtype/-/domelementtype-1.3.0.tgz#b17aed82e8ab59e52dd9c19b1756e0fc187204c2"

domelementtype@~1.1.1:
  version "1.1.3"
  resolved "https://registry.yarnpkg.com/domelementtype/-/domelementtype-1.1.3.tgz#bd28773e2642881aec51544924299c5cd822185b"

domhandler@2.3:
  version "2.3.0"
  resolved "https://registry.yarnpkg.com/domhandler/-/domhandler-2.3.0.tgz#2de59a0822d5027fabff6f032c2b25a2a8abe738"
  dependencies:
    domelementtype "1"

domify@^1.3.0:
  version "1.4.0"
  resolved "https://registry.yarnpkg.com/domify/-/domify-1.4.0.tgz#11483617f764f8695975b4bdc79b14f0803b629b"

domutils@1.5:
  version "1.5.1"
  resolved "https://registry.yarnpkg.com/domutils/-/domutils-1.5.1.tgz#dcd8488a26f563d61079e48c9f7b7e32373682cf"
  dependencies:
    dom-serializer "0"
    domelementtype "1"

dot-case@^1.0.0:
  version "1.1.2"
  resolved "https://registry.yarnpkg.com/dot-case/-/dot-case-1.1.2.tgz#1e73826900de28d6de5480bc1de31d0842b06bec"
  dependencies:
    sentence-case "^1.1.2"

el-component@^1.0.0:
  version "1.0.0"
  resolved "https://registry.yarnpkg.com/el-component/-/el-component-1.0.0.tgz#7de703df9bc989fd36c33349f587f98b64410b10"

entities@1.0:
  version "1.0.0"
  resolved "https://registry.yarnpkg.com/entities/-/entities-1.0.0.tgz#b2987aa3821347fcde642b24fdfc9e4fb712bf26"

entities@~1.1.1:
  version "1.1.1"
  resolved "https://registry.yarnpkg.com/entities/-/entities-1.1.1.tgz#6e5c2d0a5621b5dadaecef80b90edfb5cd7772f0"

exit@0.1.2, exit@0.1.x:
  version "0.1.2"
  resolved "https://registry.yarnpkg.com/exit/-/exit-0.1.2.tgz#0632638f8d877cc82107d30a0fff1a17cba1cd0c"

fs.realpath@^1.0.0:
  version "1.0.0"
  resolved "https://registry.yarnpkg.com/fs.realpath/-/fs.realpath-1.0.0.tgz#1504ad2523158caa40db4a2787cb01411994ea4f"

get-document@1:
  version "1.0.0"
  resolved "https://registry.yarnpkg.com/get-document/-/get-document-1.0.0.tgz#4821bce66f1c24cb0331602be6cb6b12c4f01c4b"

glob@^7.1.1:
  version "7.1.1"
  resolved "https://registry.yarnpkg.com/glob/-/glob-7.1.1.tgz#805211df04faaf1c63a3600306cdf5ade50b2ec8"
  dependencies:
    fs.realpath "^1.0.0"
    inflight "^1.0.4"
    inherits "2"
    minimatch "^3.0.2"
    once "^1.3.0"
    path-is-absolute "^1.0.0"

"glob@~ 3.2.1":
  version "3.2.11"
  resolved "https://registry.yarnpkg.com/glob/-/glob-3.2.11.tgz#4a973f635b9190f715d10987d5c00fd2815ebe3d"
  dependencies:
    inherits "2"
    minimatch "0.3"

html-minifier@0.6.9:
  version "0.6.9"
  resolved "https://registry.yarnpkg.com/html-minifier/-/html-minifier-0.6.9.tgz#5105dc236f5e7e1a8ba651d4ab981386fc7abe53"
  dependencies:
    change-case "2.1.x"
    clean-css "2.2.x"
    cli "0.6.x"
    relateurl "0.2.x"
    uglify-js "2.4.x"

htmlparser2@3.8.x:
  version "3.8.3"
  resolved "https://registry.yarnpkg.com/htmlparser2/-/htmlparser2-3.8.3.tgz#996c28b191516a8be86501a7d79757e5c70c1068"
  dependencies:
    domelementtype "1"
    domhandler "2.3"
    domutils "1.5"
    entities "1.0"
    readable-stream "1.1"

inflight@^1.0.4:
  version "1.0.6"
  resolved "https://registry.yarnpkg.com/inflight/-/inflight-1.0.6.tgz#49bd6331d7d02d0c09bc910a1075ba8165b56df9"
  dependencies:
    once "^1.3.0"
    wrappy "1"

inherits@2, inherits@^2.0.1, inherits@~2.0.1:
  version "2.0.3"
  resolved "https://registry.yarnpkg.com/inherits/-/inherits-2.0.3.tgz#633c2c83e3da42a502f52466022480f4208261de"

is-lower-case@^1.0.0:
  version "1.1.3"
  resolved "https://registry.yarnpkg.com/is-lower-case/-/is-lower-case-1.1.3.tgz#7e147be4768dc466db3bfb21cc60b31e6ad69393"
  dependencies:
    lower-case "^1.1.0"

is-upper-case@^1.0.0:
  version "1.1.2"
  resolved "https://registry.yarnpkg.com/is-upper-case/-/is-upper-case-1.1.2.tgz#8d0b1fa7e7933a1e58483600ec7d9661cbaf756f"
  dependencies:
    upper-case "^1.1.0"

isarray@0.0.1:
  version "0.0.1"
  resolved "https://registry.yarnpkg.com/isarray/-/isarray-0.0.1.tgz#8a18acfca9a8f4177e09abfc6038939b05d1eedf"

jshint@^2.9.4:
  version "2.9.4"
  resolved "https://registry.yarnpkg.com/jshint/-/jshint-2.9.4.tgz#5e3ba97848d5290273db514aee47fe24cf592934"
  dependencies:
    cli "~1.0.0"
    console-browserify "1.1.x"
    exit "0.1.x"
    htmlparser2 "3.8.x"
    lodash "3.7.x"
    minimatch "~3.0.2"
    shelljs "0.3.x"
    strip-json-comments "1.0.x"

lodash@3.7.x:
  version "3.7.0"
  resolved "https://registry.yarnpkg.com/lodash/-/lodash-3.7.0.tgz#3678bd8ab995057c07ade836ed2ef087da811d45"

lower-case@^1.0.0, lower-case@^1.1.0, lower-case@^1.1.1:
  version "1.1.3"
  resolved "https://registry.yarnpkg.com/lower-case/-/lower-case-1.1.3.tgz#c92393d976793eee5ba4edb583cf8eae35bd9bfb"

lru-cache@2:
  version "2.7.3"
  resolved "https://registry.yarnpkg.com/lru-cache/-/lru-cache-2.7.3.tgz#6d4524e8b955f95d4f5b58851ce21dd72fb4e952"

macgyver@~1.10:
  version "1.10.1"
  resolved "https://registry.yarnpkg.com/macgyver/-/macgyver-1.10.1.tgz#b09d1599d8b36ed5b16f59589515d9d14bc2fd88"

minimatch@0.3:
  version "0.3.0"
  resolved "https://registry.yarnpkg.com/minimatch/-/minimatch-0.3.0.tgz#275d8edaac4f1bb3326472089e7949c8394699dd"
  dependencies:
    lru-cache "2"
    sigmund "~1.0.0"

minimatch@^3.0.2, minimatch@~3.0.2:
  version "3.0.3"
  resolved "https://registry.yarnpkg.com/minimatch/-/minimatch-3.0.3.tgz#2a4e4090b96b2db06a9d7df01055a62a77c9b774"
  dependencies:
    brace-expansion "^1.0.0"

once@^1.3.0:
  version "1.4.0"
  resolved "https://registry.yarnpkg.com/once/-/once-1.4.0.tgz#583b1aa775961d4b113ac17d9c50baef9dd76bd1"
  dependencies:
    wrappy "1"

param-case@^1.0.0:
  version "1.1.2"
  resolved "https://registry.yarnpkg.com/param-case/-/param-case-1.1.2.tgz#dcb091a43c259b9228f1c341e7b6a44ea0bf9743"
  dependencies:
    sentence-case "^1.1.2"

pascal-case@^1.0.0:
  version "1.1.2"
  resolved "https://registry.yarnpkg.com/pascal-case/-/pascal-case-1.1.2.tgz#3e5d64a20043830a7c49344c2d74b41be0c9c99b"
  dependencies:
    camel-case "^1.1.1"
    upper-case-first "^1.1.0"

path-case@^1.0.0:
  version "1.1.2"
  resolved "https://registry.yarnpkg.com/path-case/-/path-case-1.1.2.tgz#50ce6ba0d3bed3dd0b5c2a9c4553697434409514"
  dependencies:
    sentence-case "^1.1.2"

path-is-absolute@^1.0.0:
  version "1.0.1"
  resolved "https://registry.yarnpkg.com/path-is-absolute/-/path-is-absolute-1.0.1.tgz#174b9268735534ffbc7ace6bf53a5a9e1b5c5f5f"

popup-picker@^1.0.0:
  version "1.0.2"
  resolved "https://registry.yarnpkg.com/popup-picker/-/popup-picker-1.0.2.tgz#463ec0b01056e9dc4d8a62fecbee22a67a1ad644"
  dependencies:
    "@pirxpilot/popover" "^1.1.1"
    component-emitter "^1.1.2"
    component-event "^0.1.3"

range-component@^1.0.0:
  version "1.0.0"
  resolved "https://registry.yarnpkg.com/range-component/-/range-component-1.0.0.tgz#610f33f8bd21ff2070f8e7953a4b838d5acaa868"

readable-stream@1.1:
  version "1.1.13"
  resolved "https://registry.yarnpkg.com/readable-stream/-/readable-stream-1.1.13.tgz#f6eef764f514c89e2b9e23146a75ba106756d23e"
  dependencies:
    core-util-is "~1.0.0"
    inherits "~2.0.1"
    isarray "0.0.1"
    string_decoder "~0.10.x"

relateurl@0.2.x:
  version "0.2.7"
  resolved "https://registry.yarnpkg.com/relateurl/-/relateurl-0.2.7.tgz#54dbf377e51440aca90a4cd274600d3ff2d888a9"

sentence-case@^1.0.0, sentence-case@^1.1.1, sentence-case@^1.1.2:
  version "1.1.3"
  resolved "https://registry.yarnpkg.com/sentence-case/-/sentence-case-1.1.3.tgz#8034aafc2145772d3abe1509aa42c9e1042dc139"
  dependencies:
    lower-case "^1.1.1"

shelljs@0.3.x:
  version "0.3.0"
  resolved "https://registry.yarnpkg.com/shelljs/-/shelljs-0.3.0.tgz#3596e6307a781544f591f37da618360f31db57b1"

sigmund@~1.0.0:
  version "1.0.1"
  resolved "https://registry.yarnpkg.com/sigmund/-/sigmund-1.0.1.tgz#3ff21f198cad2175f9f3b781853fd94d0d19b590"

snake-case@^1.0.0, snake-case@^1.1.0:
  version "1.1.2"
  resolved "https://registry.yarnpkg.com/snake-case/-/snake-case-1.1.2.tgz#0c2f25e305158d9a18d3d977066187fef8a5a66a"
  dependencies:
    sentence-case "^1.1.2"

source-map@0.1.34:
  version "0.1.34"
  resolved "https://registry.yarnpkg.com/source-map/-/source-map-0.1.34.tgz#a7cfe89aec7b1682c3b198d0acfb47d7d090566b"
  dependencies:
    amdefine ">=0.0.4"

stream-spec@0.3.5:
  version "0.3.5"
  resolved "https://registry.yarnpkg.com/stream-spec/-/stream-spec-0.3.5.tgz#22a61cc92f9e6d32e414724ad171b57ffd188022"
  dependencies:
    macgyver "~1.10"

string_decoder@~0.10.x:
  version "0.10.31"
  resolved "https://registry.yarnpkg.com/string_decoder/-/string_decoder-0.10.31.tgz#62e203bc41766c6c28c9fc84301dab1c5310fa94"

stringify@^3.2.0:
  version "3.2.1"
  resolved "https://registry.yarnpkg.com/stringify/-/stringify-3.2.1.tgz#1729f570543717f214fab049b485f9fd80ea61dc"
  dependencies:
    html-minifier "0.6.9"
    stream-spec "0.3.5"
    through "2.3.4"

strip-json-comments@1.0.x:
  version "1.0.4"
  resolved "https://registry.yarnpkg.com/strip-json-comments/-/strip-json-comments-1.0.4.tgz#1e15fbcac97d3ee99bf2d73b4c656b082bbafb91"

swap-case@^1.0.0:
  version "1.1.2"
  resolved "https://registry.yarnpkg.com/swap-case/-/swap-case-1.1.2.tgz#c39203a4587385fad3c850a0bd1bcafa081974e3"
  dependencies:
    lower-case "^1.1.1"
    upper-case "^1.1.1"

through@2.3.4:
  version "2.3.4"
  resolved "https://registry.yarnpkg.com/through/-/through-2.3.4.tgz#495e40e8d8a8eaebc7c275ea88c2b8fc14c56455"

title-case@^1.0.0:
  version "1.1.2"
  resolved "https://registry.yarnpkg.com/title-case/-/title-case-1.1.2.tgz#fae4a6ae546bfa22d083a0eea910a40d12ed4f5a"
  dependencies:
    sentence-case "^1.1.1"
    upper-case "^1.0.3"

to-camel-case@^0.2.1:
  version "0.2.1"
  resolved "https://registry.yarnpkg.com/to-camel-case/-/to-camel-case-0.2.1.tgz#200799152cfa5e752b7aad0dfe8b7af105cafaa2"
  dependencies:
    to-space-case "0.1.2"

to-no-case@0.1.1:
  version "0.1.1"
  resolved "https://registry.yarnpkg.com/to-no-case/-/to-no-case-0.1.1.tgz#cf33c70e0f28168d95e4159abf150e8c542ef9fe"

to-space-case@0.1.2:
  version "0.1.2"
  resolved "https://registry.yarnpkg.com/to-space-case/-/to-space-case-0.1.2.tgz#9a66be3ebe53f2779f687f0262effd1fc5b6d15e"
  dependencies:
    to-no-case "0.1.1"

uglify-js@2.4.x:
  version "2.4.24"
  resolved "https://registry.yarnpkg.com/uglify-js/-/uglify-js-2.4.24.tgz#fad5755c1e1577658bb06ff9ab6e548c95bebd6e"
  dependencies:
    async "~0.2.6"
    source-map "0.1.34"
    uglify-to-browserify "~1.0.0"
    yargs "~3.5.4"

uglify-to-browserify@~1.0.0:
  version "1.0.2"
  resolved "https://registry.yarnpkg.com/uglify-to-browserify/-/uglify-to-browserify-1.0.2.tgz#6e0924d6bda6b5afe349e39a6d632850a0f882b7"

upper-case-first@^1.0.0, upper-case-first@^1.1.0:
  version "1.1.2"
  resolved "https://registry.yarnpkg.com/upper-case-first/-/upper-case-first-1.1.2.tgz#5d79bedcff14419518fd2edb0a0507c9b6859115"
  dependencies:
    upper-case "^1.1.1"

upper-case@^1.0.0, upper-case@^1.0.3, upper-case@^1.1.0, upper-case@^1.1.1:
  version "1.1.3"
  resolved "https://registry.yarnpkg.com/upper-case/-/upper-case-1.1.3.tgz#f6b4501c2ec4cdd26ba78be7222961de77621598"

window-size@0.1.0:
  version "0.1.0"
  resolved "https://registry.yarnpkg.com/window-size/-/window-size-0.1.0.tgz#5438cd2ea93b202efa3a19fe8887aee7c94f9c9d"

wordwrap@0.0.2:
  version "0.0.2"
  resolved "https://registry.yarnpkg.com/wordwrap/-/wordwrap-0.0.2.tgz#b79669bb42ecb409f83d583cad52ca17eaa1643f"

wrappy@1:
  version "1.0.2"
  resolved "https://registry.yarnpkg.com/wrappy/-/wrappy-1.0.2.tgz#b5243d8f3ec1aa35f1364605bc0d1036e30ab69f"

yargs@~3.5.4:
  version "3.5.4"
  resolved "https://registry.yarnpkg.com/yargs/-/yargs-3.5.4.tgz#d8aff8f665e94c34bd259bdebd1bfaf0ddd35361"
  dependencies:
    camelcase "^1.0.2"
    decamelize "^1.0.0"
    window-size "0.1.0"
    wordwrap "0.0.2"
