# THIS IS AN AUTOGENERATED FILE. DO NOT EDIT THIS FILE DIRECTLY.
# yarn lockfile v1


"@esbuild/aix-ppc64@0.20.0":
  version "0.20.0"
  resolved "https://registry.yarnpkg.com/@esbuild/aix-ppc64/-/aix-ppc64-0.20.0.tgz#509621cca4e67caf0d18561a0c56f8b70237472f"
  integrity sha512-fGFDEctNh0CcSwsiRPxiaqX0P5rq+AqE0SRhYGZ4PX46Lg1FNR6oCxJghf8YgY0WQEgQuh3lErUFE4KxLeRmmw==

"@esbuild/android-arm64@0.20.0":
  version "0.20.0"
  resolved "https://registry.yarnpkg.com/@esbuild/android-arm64/-/android-arm64-0.20.0.tgz#109a6fdc4a2783fc26193d2687827045d8fef5ab"
  integrity sha512-aVpnM4lURNkp0D3qPoAzSG92VXStYmoVPOgXveAUoQBWRSuQzt51yvSju29J6AHPmwY1BjH49uR29oyfH1ra8Q==

"@esbuild/android-arm@0.20.0":
  version "0.20.0"
  resolved "https://registry.yarnpkg.com/@esbuild/android-arm/-/android-arm-0.20.0.tgz#1397a2c54c476c4799f9b9073550ede496c94ba5"
  integrity sha512-3bMAfInvByLHfJwYPJRlpTeaQA75n8C/QKpEaiS4HrFWFiJlNI0vzq/zCjBrhAYcPyVPG7Eo9dMrcQXuqmNk5g==

"@esbuild/android-x64@0.20.0":
  version "0.20.0"
  resolved "https://registry.yarnpkg.com/@esbuild/android-x64/-/android-x64-0.20.0.tgz#2b615abefb50dc0a70ac313971102f4ce2fdb3ca"
  integrity sha512-uK7wAnlRvjkCPzh8jJ+QejFyrP8ObKuR5cBIsQZ+qbMunwR8sbd8krmMbxTLSrDhiPZaJYKQAU5Y3iMDcZPhyQ==

"@esbuild/darwin-arm64@0.20.0":
  version "0.20.0"
  resolved "https://registry.yarnpkg.com/@esbuild/darwin-arm64/-/darwin-arm64-0.20.0.tgz#5c122ed799eb0c35b9d571097f77254964c276a2"
  integrity sha512-AjEcivGAlPs3UAcJedMa9qYg9eSfU6FnGHJjT8s346HSKkrcWlYezGE8VaO2xKfvvlZkgAhyvl06OJOxiMgOYQ==

"@esbuild/darwin-x64@0.20.0":
  version "0.20.0"
  resolved "https://registry.yarnpkg.com/@esbuild/darwin-x64/-/darwin-x64-0.20.0.tgz#9561d277002ba8caf1524f209de2b22e93d170c1"
  integrity sha512-bsgTPoyYDnPv8ER0HqnJggXK6RyFy4PH4rtsId0V7Efa90u2+EifxytE9pZnsDgExgkARy24WUQGv9irVbTvIw==

"@esbuild/freebsd-arm64@0.20.0":
  version "0.20.0"
  resolved "https://registry.yarnpkg.com/@esbuild/freebsd-arm64/-/freebsd-arm64-0.20.0.tgz#84178986a3138e8500d17cc380044868176dd821"
  integrity sha512-kQ7jYdlKS335mpGbMW5tEe3IrQFIok9r84EM3PXB8qBFJPSc6dpWfrtsC/y1pyrz82xfUIn5ZrnSHQQsd6jebQ==

"@esbuild/freebsd-x64@0.20.0":
  version "0.20.0"
  resolved "https://registry.yarnpkg.com/@esbuild/freebsd-x64/-/freebsd-x64-0.20.0.tgz#3f9ce53344af2f08d178551cd475629147324a83"
  integrity sha512-uG8B0WSepMRsBNVXAQcHf9+Ko/Tr+XqmK7Ptel9HVmnykupXdS4J7ovSQUIi0tQGIndhbqWLaIL/qO/cWhXKyQ==

"@esbuild/linux-arm64@0.20.0":
  version "0.20.0"
  resolved "https://registry.yarnpkg.com/@esbuild/linux-arm64/-/linux-arm64-0.20.0.tgz#24efa685515689df4ecbc13031fa0a9dda910a11"
  integrity sha512-uTtyYAP5veqi2z9b6Gr0NUoNv9F/rOzI8tOD5jKcCvRUn7T60Bb+42NDBCWNhMjkQzI0qqwXkQGo1SY41G52nw==

"@esbuild/linux-arm@0.20.0":
  version "0.20.0"
  resolved "https://registry.yarnpkg.com/@esbuild/linux-arm/-/linux-arm-0.20.0.tgz#6b586a488e02e9b073a75a957f2952b3b6e87b4c"
  integrity sha512-2ezuhdiZw8vuHf1HKSf4TIk80naTbP9At7sOqZmdVwvvMyuoDiZB49YZKLsLOfKIr77+I40dWpHVeY5JHpIEIg==

"@esbuild/linux-ia32@0.20.0":
  version "0.20.0"
  resolved "https://registry.yarnpkg.com/@esbuild/linux-ia32/-/linux-ia32-0.20.0.tgz#84ce7864f762708dcebc1b123898a397dea13624"
  integrity sha512-c88wwtfs8tTffPaoJ+SQn3y+lKtgTzyjkD8NgsyCtCmtoIC8RDL7PrJU05an/e9VuAke6eJqGkoMhJK1RY6z4w==

"@esbuild/linux-loong64@0.20.0":
  version "0.20.0"
  resolved "https://registry.yarnpkg.com/@esbuild/linux-loong64/-/linux-loong64-0.20.0.tgz#1922f571f4cae1958e3ad29439c563f7d4fd9037"
  integrity sha512-lR2rr/128/6svngnVta6JN4gxSXle/yZEZL3o4XZ6esOqhyR4wsKyfu6qXAL04S4S5CgGfG+GYZnjFd4YiG3Aw==

"@esbuild/linux-mips64el@0.20.0":
  version "0.20.0"
  resolved "https://registry.yarnpkg.com/@esbuild/linux-mips64el/-/linux-mips64el-0.20.0.tgz#7ca1bd9df3f874d18dbf46af009aebdb881188fe"
  integrity sha512-9Sycc+1uUsDnJCelDf6ZNqgZQoK1mJvFtqf2MUz4ujTxGhvCWw+4chYfDLPepMEvVL9PDwn6HrXad5yOrNzIsQ==

"@esbuild/linux-ppc64@0.20.0":
  version "0.20.0"
  resolved "https://registry.yarnpkg.com/@esbuild/linux-ppc64/-/linux-ppc64-0.20.0.tgz#8f95baf05f9486343bceeb683703875d698708a4"
  integrity sha512-CoWSaaAXOZd+CjbUTdXIJE/t7Oz+4g90A3VBCHLbfuc5yUQU/nFDLOzQsN0cdxgXd97lYW/psIIBdjzQIwTBGw==

"@esbuild/linux-riscv64@0.20.0":
  version "0.20.0"
  resolved "https://registry.yarnpkg.com/@esbuild/linux-riscv64/-/linux-riscv64-0.20.0.tgz#ca63b921d5fe315e28610deb0c195e79b1a262ca"
  integrity sha512-mlb1hg/eYRJUpv8h/x+4ShgoNLL8wgZ64SUr26KwglTYnwAWjkhR2GpoKftDbPOCnodA9t4Y/b68H4J9XmmPzA==

"@esbuild/linux-s390x@0.20.0":
  version "0.20.0"
  resolved "https://registry.yarnpkg.com/@esbuild/linux-s390x/-/linux-s390x-0.20.0.tgz#cb3d069f47dc202f785c997175f2307531371ef8"
  integrity sha512-fgf9ubb53xSnOBqyvWEY6ukBNRl1mVX1srPNu06B6mNsNK20JfH6xV6jECzrQ69/VMiTLvHMicQR/PgTOgqJUQ==

"@esbuild/linux-x64@0.20.0":
  version "0.20.0"
  resolved "https://registry.yarnpkg.com/@esbuild/linux-x64/-/linux-x64-0.20.0.tgz#ac617e0dc14e9758d3d7efd70288c14122557dc7"
  integrity sha512-H9Eu6MGse++204XZcYsse1yFHmRXEWgadk2N58O/xd50P9EvFMLJTQLg+lB4E1cF2xhLZU5luSWtGTb0l9UeSg==

"@esbuild/netbsd-x64@0.20.0":
  version "0.20.0"
  resolved "https://registry.yarnpkg.com/@esbuild/netbsd-x64/-/netbsd-x64-0.20.0.tgz#6cc778567f1513da6e08060e0aeb41f82eb0f53c"
  integrity sha512-lCT675rTN1v8Fo+RGrE5KjSnfY0x9Og4RN7t7lVrN3vMSjy34/+3na0q7RIfWDAj0e0rCh0OL+P88lu3Rt21MQ==

"@esbuild/openbsd-x64@0.20.0":
  version "0.20.0"
  resolved "https://registry.yarnpkg.com/@esbuild/openbsd-x64/-/openbsd-x64-0.20.0.tgz#76848bcf76b4372574fb4d06cd0ed1fb29ec0fbe"
  integrity sha512-HKoUGXz/TOVXKQ+67NhxyHv+aDSZf44QpWLa3I1lLvAwGq8x1k0T+e2HHSRvxWhfJrFxaaqre1+YyzQ99KixoA==

"@esbuild/sunos-x64@0.20.0":
  version "0.20.0"
  resolved "https://registry.yarnpkg.com/@esbuild/sunos-x64/-/sunos-x64-0.20.0.tgz#ea4cd0639bf294ad51bc08ffbb2dac297e9b4706"
  integrity sha512-GDwAqgHQm1mVoPppGsoq4WJwT3vhnz/2N62CzhvApFD1eJyTroob30FPpOZabN+FgCjhG+AgcZyOPIkR8dfD7g==

"@esbuild/win32-arm64@0.20.0":
  version "0.20.0"
  resolved "https://registry.yarnpkg.com/@esbuild/win32-arm64/-/win32-arm64-0.20.0.tgz#a5c171e4a7f7e4e8be0e9947a65812c1535a7cf0"
  integrity sha512-0vYsP8aC4TvMlOQYozoksiaxjlvUcQrac+muDqj1Fxy6jh9l9CZJzj7zmh8JGfiV49cYLTorFLxg7593pGldwQ==

"@esbuild/win32-ia32@0.20.0":
  version "0.20.0"
  resolved "https://registry.yarnpkg.com/@esbuild/win32-ia32/-/win32-ia32-0.20.0.tgz#f8ac5650c412d33ea62d7551e0caf82da52b7f85"
  integrity sha512-p98u4rIgfh4gdpV00IqknBD5pC84LCub+4a3MO+zjqvU5MVXOc3hqR2UgT2jI2nh3h8s9EQxmOsVI3tyzv1iFg==

"@esbuild/win32-x64@0.20.0":
  version "0.20.0"
  resolved "https://registry.yarnpkg.com/@esbuild/win32-x64/-/win32-x64-0.20.0.tgz#2efddf82828aac85e64cef62482af61c29561bee"
  integrity sha512-NgJnesu1RtWihtTtXGFMU5YSE6JyyHPMxCwBZK7a6/8d31GuSo9l0Ss7w1Jw5QnKUawG6UEehs883kcXf5fYwg==

"@pirxpilot/events@~1":
  version "1.0.1"
  resolved "https://registry.yarnpkg.com/@pirxpilot/events/-/events-1.0.1.tgz#15068c967573d8b1a1482debd74384fafa1bd2b8"
  integrity sha512-Xy/trHRWfkeIAJQZlaJ8wDngGbyK4Q/oWQ32meC6sXBcT7QGu3t5EOz+7yjlFoMM3wX1HL4kSKxG+WQPgCnBWg==

"@pirxpilot/in-groups-of@^1.1.1":
  version "1.1.2"
  resolved "https://registry.yarnpkg.com/@pirxpilot/in-groups-of/-/in-groups-of-1.1.2.tgz#f4460a2697f9d51fae2db46d4a7147911d359193"
  integrity sha512-D14sVSekhsMzch/XBAqo2TKcLEXs9NDmyoLY4XMKa4qO1VgyrnfQUCIO9nX89Jr3oucHAqygYxOf5ycvr4OqFA==

"@pirxpilot/jshint@~3":
  version "3.0.1"
  resolved "https://registry.yarnpkg.com/@pirxpilot/jshint/-/jshint-3.0.1.tgz#cfd47a8e7e8bf2e702450240733c7120f20b5a0f"
  integrity sha512-rkpiEBTGWPyXlN88Q8H7Be5esR2m75uDf3w+5OZHoBGrvgE9ovEBBfjlkZDF4nRfRwoN8jymUDvrRJwc9ewp6w==
  dependencies:
    lodash "~4.17.21"
    minimatch "~8.0.2"
    optymista "^0.1.0"
    strip-json-comments "~3"

"@pirxpilot/popover@~2":
  version "2.0.1"
  resolved "https://registry.yarnpkg.com/@pirxpilot/popover/-/popover-2.0.1.tgz#6b00614a9695c5b6b4928b2020421d4b766abb61"
  integrity sha512-Z2vEzA03BkwX0T+wGM9THMlTXFLmhqYoNBZeZgZ6jFcoZrX7GHDgETxQEeNDyRPQzwQLbOIhBdKXorGsDBJQ1g==
  dependencies:
    "@pirxpilot/tip" "~3"

"@pirxpilot/tip@~3":
  version "3.0.3"
  resolved "https://registry.yarnpkg.com/@pirxpilot/tip/-/tip-3.0.3.tgz#e2bcc62dd956c180125ebb304335883ab29f79aa"
  integrity sha512-+3jpCYe2t04jVTxSmP4AuMF7+TqZbfq06aRNfNV2/rjZgPNMx8YG5YUq+pTRfecEOBDIWy52Q0OjyXa1AcOP/w==
  dependencies:
    "@pirxpilot/events" "~1"
    bounding-client-rect "^1.0.5"
    component-emitter "^1.1.3"

balanced-match@^1.0.0:
  version "1.0.2"
  resolved "https://registry.yarnpkg.com/balanced-match/-/balanced-match-1.0.2.tgz#e83e3a7e3f300b34cb9d87f615fa0cbf357690ee"
  integrity sha512-3oSeUO0TMV67hN1AmbXsK4yaqU7tjiHlbxRDZOpH0KW9+CeX4bRAaX0Anxt0tx2MrpRpWwQaPwIlISEJhYU5Pw==

bounding-client-rect@^1.0.5:
  version "1.0.5"
  resolved "https://registry.yarnpkg.com/bounding-client-rect/-/bounding-client-rect-1.0.5.tgz#99e2cd2602d07f22ea3beee420534504fd4424cf"
  integrity sha1-meLNJgLQfyLqO+7kIFNFBP1EJM8=
  dependencies:
    get-document "1"

bounds@~2:
  version "2.0.0"
  resolved "https://registry.yarnpkg.com/bounds/-/bounds-2.0.0.tgz#6629fe2c77bf6141bc590b7cd81b54f8cca63d59"
  integrity sha512-2u4rO7srbcBaNR+u1ZWB2I9P0CPaHGCsiNsOZTGjPKENIMWOULhJgab5YXYtUaECDYqeDSgPRBw4Ho78200YcQ==
  dependencies:
    clone-component "^0.2.2"

brace-expansion@^2.0.1:
  version "2.0.1"
  resolved "https://registry.yarnpkg.com/brace-expansion/-/brace-expansion-2.0.1.tgz#1edc459e0f0c548486ecf9fc99f2221364b9a0ae"
  integrity sha512-XnAIvQ8eM+kC6aULx6wuQiwVsnzsi9d3WxzV3FpWTGA19F621kwdbsAcFKXgKUHZWsy+mY6iL1sHTxWEFCytDA==
  dependencies:
    balanced-match "^1.0.0"

clone-component@^0.2.2:
  version "0.2.2"
  resolved "https://registry.yarnpkg.com/clone-component/-/clone-component-0.2.2.tgz#82e56c2e92cd34e7c42b668630c620128fa926ba"
  integrity sha1-guVsLpLNNOfEK2aGMMYgEo+pJro=
  dependencies:
    component-type "*"

component-clock@~2:
  version "2.0.1"
  resolved "https://registry.yarnpkg.com/component-clock/-/component-clock-2.0.1.tgz#b6d2505d7cc4aa0e7b4f141cb20fd9b45f5dfc60"
  integrity sha512-PCBA/a+H1TFYxSnT/JLux/5zlNfOap6tHWBx3pkBlzNk9nIFhR05B9d2fNKd+f/uOjs2w2O9et/j/zbVWNAiuw==
  dependencies:
    "@pirxpilot/in-groups-of" "^1.1.1"
    bounds "~2"
    component-domify "^1.2.2"
    component-emitter "^1.2.0"
    el-component "^1.0.0"
    range-component "^1.0.0"

component-domify@^1.2.2:
  version "1.2.2"
  resolved "https://registry.yarnpkg.com/component-domify/-/component-domify-1.2.2.tgz#2f2d6d5d75e5aad3a34cdf5ff232c181b85e4ed2"
  integrity sha1-Ly1tXXXlqtOjTN9f8jLBgbheTtI=

component-emitter@^1.1.3, component-emitter@^1.2.0, component-emitter@~1:
  version "1.3.0"
  resolved "https://registry.yarnpkg.com/component-emitter/-/component-emitter-1.3.0.tgz#16e4070fba8ae29b679f2215853ee181ab2eabc0"
  integrity sha512-Rd3se6QB+sO1TwqZjscQrurpEPIfO0/yYnSin6Q/rD3mOutHvUrCAhJub3r90uNb+SESBuE0QYoB90YdfatsRg==

component-type@*:
  version "1.2.1"
  resolved "https://registry.yarnpkg.com/component-type/-/component-type-1.2.1.tgz#8a47901700238e4fc32269771230226f24b415a9"
  integrity sha1-ikeQFwAjjk/DIml3EjAibyS0Fak=

el-component@^1.0.0:
  version "1.0.1"
  resolved "https://registry.yarnpkg.com/el-component/-/el-component-1.0.1.tgz#ef4ba9d8b5aa9faf1e2491d483aac8e4470b381b"
  integrity sha1-70up2LWqn68eJJHUg6rI5EcLOBs=

esbuild@^0.20.0:
  version "0.20.0"
  resolved "https://registry.yarnpkg.com/esbuild/-/esbuild-0.20.0.tgz#a7170b63447286cd2ff1f01579f09970e6965da4"
  integrity sha512-6iwE3Y2RVYCME1jLpBqq7LQWK3MW6vjV2bZy6gt/WrqkY+WE74Spyc0ThAOYpMtITvnjX09CrC6ym7A/m9mebA==
  optionalDependencies:
    "@esbuild/aix-ppc64" "0.20.0"
    "@esbuild/android-arm" "0.20.0"
    "@esbuild/android-arm64" "0.20.0"
    "@esbuild/android-x64" "0.20.0"
    "@esbuild/darwin-arm64" "0.20.0"
    "@esbuild/darwin-x64" "0.20.0"
    "@esbuild/freebsd-arm64" "0.20.0"
    "@esbuild/freebsd-x64" "0.20.0"
    "@esbuild/linux-arm" "0.20.0"
    "@esbuild/linux-arm64" "0.20.0"
    "@esbuild/linux-ia32" "0.20.0"
    "@esbuild/linux-loong64" "0.20.0"
    "@esbuild/linux-mips64el" "0.20.0"
    "@esbuild/linux-ppc64" "0.20.0"
    "@esbuild/linux-riscv64" "0.20.0"
    "@esbuild/linux-s390x" "0.20.0"
    "@esbuild/linux-x64" "0.20.0"
    "@esbuild/netbsd-x64" "0.20.0"
    "@esbuild/openbsd-x64" "0.20.0"
    "@esbuild/sunos-x64" "0.20.0"
    "@esbuild/win32-arm64" "0.20.0"
    "@esbuild/win32-ia32" "0.20.0"
    "@esbuild/win32-x64" "0.20.0"

get-document@1:
  version "1.0.0"
  resolved "https://registry.yarnpkg.com/get-document/-/get-document-1.0.0.tgz#4821bce66f1c24cb0331602be6cb6b12c4f01c4b"
  integrity sha1-SCG85m8cJMsDMWAr5strEsTwHEs=

lodash@~4.17.21:
  version "4.17.21"
  resolved "https://registry.yarnpkg.com/lodash/-/lodash-4.17.21.tgz#679591c564c3bffaae8454cf0b3df370c3d6911c"
  integrity sha512-v2kDEe57lecTulaDIuNTPy3Ry4gLGJ6Z1O3vE1krgXZNrsQ+LFTGHVxVjcXPs17LhbZVGedAJv8XZ1tvj5FvSg==

minimatch@~8.0.2:
  version "8.0.4"
  resolved "https://registry.yarnpkg.com/minimatch/-/minimatch-8.0.4.tgz#847c1b25c014d4e9a7f68aaf63dedd668a626229"
  integrity sha512-W0Wvr9HyFXZRGIDgCicunpQ299OKXs9RgZfaukz4qAW/pJhcpUfupc9c+OObPOFueNy8VSrZgEmDtk6Kh4WzDA==
  dependencies:
    brace-expansion "^2.0.1"

optymista@^0.1.0:
  version "0.1.0"
  resolved "https://registry.yarnpkg.com/optymista/-/optymista-0.1.0.tgz#2e6287d7b10e28f89edee8193a3675218717625a"
  integrity sha512-Z6foasmYw8SZ+RkRI+0D2f/MvazKcSBq4FbEjFCY7hTrMmbQfGjk/lJIhtKhw++UUUKebQtunTuzMnHZGLYihQ==

popup-picker@~2:
  version "2.0.0"
  resolved "https://registry.yarnpkg.com/popup-picker/-/popup-picker-2.0.0.tgz#c3528e365fb628c9d069c93738bc9e406926b1a2"
  integrity sha512-c3rA7dsulDTZ3CzGI2Q/cHyksnah2/yo3vwEj85njOGbPP1UbIHd+h0hxd4HnMkn1ZAkLNt1lJzda4tC4SZCEw==
  dependencies:
    "@pirxpilot/popover" "~2"
    component-emitter "~1"

range-component@^1.0.0:
  version "1.0.0"
  resolved "https://registry.yarnpkg.com/range-component/-/range-component-1.0.0.tgz#610f33f8bd21ff2070f8e7953a4b838d5acaa868"
  integrity sha1-YQ8z+L0h/yBw+OeVOkuDjVrKqGg=

strip-json-comments@~3:
  version "3.1.1"
  resolved "https://registry.yarnpkg.com/strip-json-comments/-/strip-json-comments-3.1.1.tgz#31f1281b3832630434831c310c01cccda8cbe006"
  integrity sha512-6fPc+R4ihwqP6N/aIv2f1gMH8lOVtWQHoqC4yK6oSDVVocumAsfCqjkXnqiYMhmMwS/mEHLp7Vehlt3ql6lEig==
